# THIS IS AN AUTOGENERATED FILE. DO NOT EDIT THIS FILE DIRECTLY.
# yarn lockfile v1


hh-mm-ss@^1.2.0:
  version "1.2.0"
  resolved "https://registry.yarnpkg.com/hh-mm-ss/-/hh-mm-ss-1.2.0.tgz#6d0f0b8280824a634cb1d1f20e0bc7bc8b689948"
  integrity sha512-f4I9Hz1dLpX/3mrEs7yq30+FiuO3tt5NWAqAGeBTaoeoBfB8vhcQ3BphuDc5DjZb/K809agqrAaFlP0jhEU/8w==
  dependencies:
    zero-fill "^2.2.3"

zero-fill@^2.2.3:
  version "2.2.4"
  resolved "https://registry.yarnpkg.com/zero-fill/-/zero-fill-2.2.4.tgz#b041320973dbcb03cd90193270ac8d4a3da05fc1"
  integrity sha512-/N5GEDauLHz2uGnuJXWO1Wfib4EC+q4yp9C1jojM7RubwEKADqIqMcYpETMm1lRop403fi3v1qTOdgDE8DIOdw==
